
Microsoft Visual Studio Solution File, Format Version 12.00
# Visual Studio Version 17
VisualStudioVersion = 17.8.34511.84
MinimumVisualStudioVersion = 10.0.40219.1
Project("{9A19103F-16F7-4668-BE54-9A1E7A4F7556}") = "RecipeBookApplication", "RecipeBookApplication.csproj", "{76C5C66A-10F5-462F-A9BA-4EC7BF3346B3}"
EndProject
Project("{FAE04EC0-301F-11D3-BF4B-00C04F79EFBC}") = "TestProject1.test", "..\TestProject1\TestProject1.test.csproj", "{92A836CB-CDD2-4DD2-8684-2317E8724749}"
EndProject
Global
	GlobalSection(SolutionConfigurationPlatforms) = preSolution
		Debug|Any CPU = Debug|Any CPU
		Release|Any CPU = Release|Any CPU
	EndGlobalSection
	GlobalSection(ProjectConfigurationPlatforms) = postSolution
		{76C5C66A-10F5-462F-A9BA-4EC7BF3346B3}.Debug|Any CPU.ActiveCfg = Debug|Any CPU
		{76C5C66A-10F5-462F-A9BA-4EC7BF3346B3}.Debug|Any CPU.Build.0 = Debug|Any CPU
		{76C5C66A-10F5-462F-A9BA-4EC7BF3346B3}.Release|Any CPU.ActiveCfg = Release|Any CPU
		{76C5C66A-10F5-462F-A9BA-4EC7BF3346B3}.Release|Any CPU.Build.0 = Release|Any CPU
		{92A836CB-CDD2-4DD2-8684-2317E8724749}.Debug|Any CPU.ActiveCfg = Debug|Any CPU
		{92A836CB-CDD2-4DD2-8684-2317E8724749}.Debug|Any CPU.Build.0 = Debug|Any CPU
		{92A836CB-CDD2-4DD2-8684-2317E8724749}.Release|Any CPU.ActiveCfg = Release|Any CPU
		{92A836CB-CDD2-4DD2-8684-2317E8724749}.Release|Any CPU.Build.0 = Release|Any CPU
	EndGlobalSection
	GlobalSection(SolutionProperties) = preSolution
		HideSolutionNode = FALSE
	EndGlobalSection
	GlobalSection(ExtensibilityGlobals) = postSolution
		SolutionGuid = {C31B880E-0365-4529-8E5F-55FE9BB64129}
	EndGlobalSection
EndGlobal
